
Microsoft Visual Studio Solution File, Format Version 12.00
# Visual Studio Version 17
VisualStudioVersion = 17.12.35506.116
MinimumVisualStudioVersion = 10.0.40219.1
Project("{2150E333-8FDC-42A3-9474-1A3956D46DE8}") = "net-6", "net-6", "{C2B6F2DD-890C-4197-BBD7-89972DB10D56}"
EndProject
Project("{2150E333-8FDC-42A3-9474-1A3956D46DE8}") = "net-7", "net-7", "{BBBEBBDD-C98C-47ED-8126-AC1D9358438B}"
EndProject
Project("{2150E333-8FDC-42A3-9474-1A3956D46DE8}") = "webassembly", "webassembly", "{72359839-43B1-4C7E-868C-2EDBF6FD8170}"
EndProject
Project("{2150E333-8FDC-42A3-9474-1A3956D46DE8}") = "webassembly", "webassembly", "{38950246-BCB2-4671-B9A7-8C533292D8ED}"
EndProject
Project("{2150E333-8FDC-42A3-9474-1A3956D46DE8}") = "server", "server", "{E4646E1D-E0E8-450C-A5BC-45A4C81CC465}"
EndProject
Project("{2150E333-8FDC-42A3-9474-1A3956D46DE8}") = "server", "server", "{1339ED24-153C-4BDF-83F5-BA833981CB3E}"
EndProject
Project("{9A19103F-16F7-4668-BE54-9A1E7A4F7556}") = "NET7.BlazorServerApp", "NET7.BlazorServerApp\NET7.BlazorServerApp.csproj", "{A9B82B8D-EEE8-4102-A929-5F3B5637B04C}"
EndProject
Project("{9A19103F-16F7-4668-BE54-9A1E7A4F7556}") = "NET7.BlazorServerAppEmpty", "NET7.BlazorServerAppEmpty\NET7.BlazorServerAppEmpty.csproj", "{B4BC5F04-5F6B-42C2-8BB4-F3DEA70253E8}"
EndProject
Project("{9A19103F-16F7-4668-BE54-9A1E7A4F7556}") = "NET7.BlazorWebAssemblyApp", "NET7.BlazorWebAssemblyApp\NET7.BlazorWebAssemblyApp.csproj", "{C7FBF540-75F4-4A94-9632-234DC67D7C5D}"
EndProject
Project("{9A19103F-16F7-4668-BE54-9A1E7A4F7556}") = "NET6.BlazorWebAssemblyApp", "NET6.BlazorWebAssemblyApp\NET6.BlazorWebAssemblyApp.csproj", "{1B6FE404-F864-47CD-BDC1-236F598A3DDF}"
EndProject
Project("{9A19103F-16F7-4668-BE54-9A1E7A4F7556}") = "NET7.BlazorWebAssemblyAppEmpty", "NET7.BlazorWebAssemblyAppEmpty\NET7.BlazorWebAssemblyAppEmpty.csproj", "{5DD1DAF4-6FE7-4BB9-A2CE-FE724783D4E7}"
EndProject
Project("{9A19103F-16F7-4668-BE54-9A1E7A4F7556}") = "NET6.BlazorServerApp", "NET6.BlazorServerApp\NET6.BlazorServerApp.csproj", "{4B71E1DB-A048-4478-B50B-A060F3CCAD3D}"
EndProject
Project("{2150E333-8FDC-42A3-9474-1A3956D46DE8}") = "net-8", "net-8", "{5A85427E-0DB8-4147-A267-66C831FE02AD}"
EndProject
Project("{2150E333-8FDC-42A3-9474-1A3956D46DE8}") = "webassembly", "webassembly", "{4B4A4995-6571-4BDB-B529-F7D8099FF54C}"
EndProject
Project("{9A19103F-16F7-4668-BE54-9A1E7A4F7556}") = "NET8.BlazorWebAssemblyStandaloneApp", "NET8.BlazorWebAssemblyStandaloneApp\NET8.BlazorWebAssemblyStandaloneApp.csproj", "{71A7A644-E837-4021-BD5E-7D7D7A16F153}"
EndProject
Project("{2150E333-8FDC-42A3-9474-1A3956D46DE8}") = "server", "server", "{11D02E32-8EC3-411F-9CD6-6A65FE223080}"
EndProject
Project("{2150E333-8FDC-42A3-9474-1A3956D46DE8}") = "auto-global", "auto-global", "{A94DDB0E-3BF5-45C2-AC6A-4589406CFB32}"
EndProject
Project("{9A19103F-16F7-4668-BE54-9A1E7A4F7556}") = "NET8.BlazorWebAppRenderModeServerGlobal", "NET8.BlazorWebAppRenderModeServerGlobal\NET8.BlazorWebAppRenderModeServerGlobal.csproj", "{497D7475-BE12-4FE4-9423-2D6EBDB9933F}"
EndProject
Project("{9A19103F-16F7-4668-BE54-9A1E7A4F7556}") = "Net8.BlazorAutoGlobal", "Net8.BlazorAutoGlobal\Net8.BlazorAutoGlobal\Net8.BlazorAutoGlobal.csproj", "{A035D797-D275-4549-9C46-C0321FDCAC36}"
EndProject
Project("{9A19103F-16F7-4668-BE54-9A1E7A4F7556}") = "Net8.BlazorAutoGlobal.Client", "Net8.BlazorAutoGlobal\Net8.BlazorAutoGlobal.Client\Net8.BlazorAutoGlobal.Client.csproj", "{01F4D8F6-0E07-4544-B084-641150A40827}"
EndProject
Project("{2150E333-8FDC-42A3-9474-1A3956D46DE8}") = "maui", "maui", "{FAF898CB-2CBE-4295-9D19-7688546CC50E}"
EndProject
Project("{9A19103F-16F7-4668-BE54-9A1E7A4F7556}") = "NET8.MauiBlazorHybridApp", "NET8.MauiBlazorHybridApp\NET8.MauiBlazorHybridApp.csproj", "{5A83086E-5221-4012-A347-13235296C60D}"
EndProject
Project("{2150E333-8FDC-42A3-9474-1A3956D46DE8}") = "auto-per-page", "auto-per-page", "{ED36A6D6-EDD3-47EB-844D-064B4B63E0FF}"
EndProject
Global
	GlobalSection(SolutionConfigurationPlatforms) = preSolution
		Debug|Any CPU = Debug|Any CPU
		Release|Any CPU = Release|Any CPU
	EndGlobalSection
	GlobalSection(ProjectConfigurationPlatforms) = postSolution
		{A9B82B8D-EEE8-4102-A929-5F3B5637B04C}.Debug|Any CPU.ActiveCfg = Debug|Any CPU
		{A9B82B8D-EEE8-4102-A929-5F3B5637B04C}.Debug|Any CPU.Build.0 = Debug|Any CPU
		{A9B82B8D-EEE8-4102-A929-5F3B5637B04C}.Release|Any CPU.ActiveCfg = Release|Any CPU
		{A9B82B8D-EEE8-4102-A929-5F3B5637B04C}.Release|Any CPU.Build.0 = Release|Any CPU
		{B4BC5F04-5F6B-42C2-8BB4-F3DEA70253E8}.Debug|Any CPU.ActiveCfg = Debug|Any CPU
		{B4BC5F04-5F6B-42C2-8BB4-F3DEA70253E8}.Debug|Any CPU.Build.0 = Debug|Any CPU
		{B4BC5F04-5F6B-42C2-8BB4-F3DEA70253E8}.Release|Any CPU.ActiveCfg = Release|Any CPU
		{B4BC5F04-5F6B-42C2-8BB4-F3DEA70253E8}.Release|Any CPU.Build.0 = Release|Any CPU
		{C7FBF540-75F4-4A94-9632-234DC67D7C5D}.Debug|Any CPU.ActiveCfg = Debug|Any CPU
		{C7FBF540-75F4-4A94-9632-234DC67D7C5D}.Debug|Any CPU.Build.0 = Debug|Any CPU
		{C7FBF540-75F4-4A94-9632-234DC67D7C5D}.Release|Any CPU.ActiveCfg = Release|Any CPU
		{C7FBF540-75F4-4A94-9632-234DC67D7C5D}.Release|Any CPU.Build.0 = Release|Any CPU
		{1B6FE404-F864-47CD-BDC1-236F598A3DDF}.Debug|Any CPU.ActiveCfg = Debug|Any CPU
		{1B6FE404-F864-47CD-BDC1-236F598A3DDF}.Debug|Any CPU.Build.0 = Debug|Any CPU
		{1B6FE404-F864-47CD-BDC1-236F598A3DDF}.Release|Any CPU.ActiveCfg = Release|Any CPU
		{1B6FE404-F864-47CD-BDC1-236F598A3DDF}.Release|Any CPU.Build.0 = Release|Any CPU
		{5DD1DAF4-6FE7-4BB9-A2CE-FE724783D4E7}.Debug|Any CPU.ActiveCfg = Debug|Any CPU
		{5DD1DAF4-6FE7-4BB9-A2CE-FE724783D4E7}.Debug|Any CPU.Build.0 = Debug|Any CPU
		{5DD1DAF4-6FE7-4BB9-A2CE-FE724783D4E7}.Release|Any CPU.ActiveCfg = Release|Any CPU
		{5DD1DAF4-6FE7-4BB9-A2CE-FE724783D4E7}.Release|Any CPU.Build.0 = Release|Any CPU
		{4B71E1DB-A048-4478-B50B-A060F3CCAD3D}.Debug|Any CPU.ActiveCfg = Debug|Any CPU
		{4B71E1DB-A048-4478-B50B-A060F3CCAD3D}.Debug|Any CPU.Build.0 = Debug|Any CPU
		{4B71E1DB-A048-4478-B50B-A060F3CCAD3D}.Release|Any CPU.ActiveCfg = Release|Any CPU
		{4B71E1DB-A048-4478-B50B-A060F3CCAD3D}.Release|Any CPU.Build.0 = Release|Any CPU
		{71A7A644-E837-4021-BD5E-7D7D7A16F153}.Debug|Any CPU.ActiveCfg = Debug|Any CPU
		{71A7A644-E837-4021-BD5E-7D7D7A16F153}.Debug|Any CPU.Build.0 = Debug|Any CPU
		{71A7A644-E837-4021-BD5E-7D7D7A16F153}.Release|Any CPU.ActiveCfg = Release|Any CPU
		{71A7A644-E837-4021-BD5E-7D7D7A16F153}.Release|Any CPU.Build.0 = Release|Any CPU
		{497D7475-BE12-4FE4-9423-2D6EBDB9933F}.Debug|Any CPU.ActiveCfg = Debug|Any CPU
		{497D7475-BE12-4FE4-9423-2D6EBDB9933F}.Debug|Any CPU.Build.0 = Debug|Any CPU
		{497D7475-BE12-4FE4-9423-2D6EBDB9933F}.Release|Any CPU.ActiveCfg = Release|Any CPU
		{497D7475-BE12-4FE4-9423-2D6EBDB9933F}.Release|Any CPU.Build.0 = Release|Any CPU
		{A035D797-D275-4549-9C46-C0321FDCAC36}.Debug|Any CPU.ActiveCfg = Debug|Any CPU
		{A035D797-D275-4549-9C46-C0321FDCAC36}.Debug|Any CPU.Build.0 = Debug|Any CPU
		{A035D797-D275-4549-9C46-C0321FDCAC36}.Release|Any CPU.ActiveCfg = Release|Any CPU
		{A035D797-D275-4549-9C46-C0321FDCAC36}.Release|Any CPU.Build.0 = Release|Any CPU
		{01F4D8F6-0E07-4544-B084-641150A40827}.Debug|Any CPU.ActiveCfg = Debug|Any CPU
		{01F4D8F6-0E07-4544-B084-641150A40827}.Debug|Any CPU.Build.0 = Debug|Any CPU
		{01F4D8F6-0E07-4544-B084-641150A40827}.Release|Any CPU.ActiveCfg = Release|Any CPU
		{01F4D8F6-0E07-4544-B084-641150A40827}.Release|Any CPU.Build.0 = Release|Any CPU
		{5A83086E-5221-4012-A347-13235296C60D}.Debug|Any CPU.ActiveCfg = Debug|Any CPU
		{5A83086E-5221-4012-A347-13235296C60D}.Debug|Any CPU.Build.0 = Debug|Any CPU
		{5A83086E-5221-4012-A347-13235296C60D}.Debug|Any CPU.Deploy.0 = Debug|Any CPU
		{5A83086E-5221-4012-A347-13235296C60D}.Release|Any CPU.ActiveCfg = Release|Any CPU
		{5A83086E-5221-4012-A347-13235296C60D}.Release|Any CPU.Build.0 = Release|Any CPU
		{5A83086E-5221-4012-A347-13235296C60D}.Release|Any CPU.Deploy.0 = Release|Any CPU
	EndGlobalSection
	GlobalSection(SolutionProperties) = preSolution
		HideSolutionNode = FALSE
	EndGlobalSection
	GlobalSection(NestedProjects) = preSolution
		{72359839-43B1-4C7E-868C-2EDBF6FD8170} = {C2B6F2DD-890C-4197-BBD7-89972DB10D56}
		{38950246-BCB2-4671-B9A7-8C533292D8ED} = {BBBEBBDD-C98C-47ED-8126-AC1D9358438B}
		{E4646E1D-E0E8-450C-A5BC-45A4C81CC465} = {C2B6F2DD-890C-4197-BBD7-89972DB10D56}
		{1339ED24-153C-4BDF-83F5-BA833981CB3E} = {BBBEBBDD-C98C-47ED-8126-AC1D9358438B}
		{A9B82B8D-EEE8-4102-A929-5F3B5637B04C} = {1339ED24-153C-4BDF-83F5-BA833981CB3E}
		{B4BC5F04-5F6B-42C2-8BB4-F3DEA70253E8} = {1339ED24-153C-4BDF-83F5-BA833981CB3E}
		{C7FBF540-75F4-4A94-9632-234DC67D7C5D} = {38950246-BCB2-4671-B9A7-8C533292D8ED}
		{1B6FE404-F864-47CD-BDC1-236F598A3DDF} = {72359839-43B1-4C7E-868C-2EDBF6FD8170}
		{5DD1DAF4-6FE7-4BB9-A2CE-FE724783D4E7} = {38950246-BCB2-4671-B9A7-8C533292D8ED}
		{4B71E1DB-A048-4478-B50B-A060F3CCAD3D} = {E4646E1D-E0E8-450C-A5BC-45A4C81CC465}
		{4B4A4995-6571-4BDB-B529-F7D8099FF54C} = {5A85427E-0DB8-4147-A267-66C831FE02AD}
		{71A7A644-E837-4021-BD5E-7D7D7A16F153} = {4B4A4995-6571-4BDB-B529-F7D8099FF54C}
		{11D02E32-8EC3-411F-9CD6-6A65FE223080} = {5A85427E-0DB8-4147-A267-66C831FE02AD}
		{A94DDB0E-3BF5-45C2-AC6A-4589406CFB32} = {5A85427E-0DB8-4147-A267-66C831FE02AD}
		{497D7475-BE12-4FE4-9423-2D6EBDB9933F} = {11D02E32-8EC3-411F-9CD6-6A65FE223080}
		{A035D797-D275-4549-9C46-C0321FDCAC36} = {A94DDB0E-3BF5-45C2-AC6A-4589406CFB32}
		{01F4D8F6-0E07-4544-B084-641150A40827} = {A94DDB0E-3BF5-45C2-AC6A-4589406CFB32}
		{FAF898CB-2CBE-4295-9D19-7688546CC50E} = {5A85427E-0DB8-4147-A267-66C831FE02AD}
		{5A83086E-5221-4012-A347-13235296C60D} = {FAF898CB-2CBE-4295-9D19-7688546CC50E}
		{ED36A6D6-EDD3-47EB-844D-064B4B63E0FF} = {5A85427E-0DB8-4147-A267-66C831FE02AD}
	EndGlobalSection
	GlobalSection(ExtensibilityGlobals) = postSolution
		SolutionGuid = {C47E2954-C9D1-41A5-BFFE-887127FD4726}
	EndGlobalSection
EndGlobal
