
Microsoft Visual Studio Solution File, Format Version 12.00
# Visual Studio Version 17
VisualStudioVersion = 17.12.35506.116
MinimumVisualStudioVersion = 10.0.40219.1
Project("{2150E333-8FDC-42A3-9474-1A3956D46DE8}") = "net-6", "net-6", "{C2B6F2DD-890C-4197-BBD7-89972DB10D56}"
EndProject
Project("{2150E333-8FDC-42A3-9474-1A3956D46DE8}") = "webassembly", "webassembly", "{72359839-43B1-4C7E-868C-2EDBF6FD8170}"
EndProject
Project("{2150E333-8FDC-42A3-9474-1A3956D46DE8}") = "server", "server", "{E4646E1D-E0E8-450C-A5BC-45A4C81CC465}"
EndProject
Project("{9A19103F-16F7-4668-BE54-9A1E7A4F7556}") = "NET6.BlazorWebAssemblyApp", "NET6.BlazorWebAssemblyApp\NET6.BlazorWebAssemblyApp.csproj", "{1B6FE404-F864-47CD-BDC1-236F598A3DDF}"
EndProject
Project("{9A19103F-16F7-4668-BE54-9A1E7A4F7556}") = "NET6.BlazorServerApp", "NET6.BlazorServerApp\NET6.BlazorServerApp.csproj", "{4B71E1DB-A048-4478-B50B-A060F3CCAD3D}"
EndProject
Project("{2150E333-8FDC-42A3-9474-1A3956D46DE8}") = "net-8", "net-8", "{5A85427E-0DB8-4147-A267-66C831FE02AD}"
EndProject
Project("{2150E333-8FDC-42A3-9474-1A3956D46DE8}") = "webassembly", "webassembly", "{4B4A4995-6571-4BDB-B529-F7D8099FF54C}"
EndProject
Project("{9A19103F-16F7-4668-BE54-9A1E7A4F7556}") = "NET8.BlazorWebAssemblyStandaloneApp", "NET8.BlazorWebAssemblyStandaloneApp\NET8.BlazorWebAssemblyStandaloneApp.csproj", "{71A7A644-E837-4021-BD5E-7D7D7A16F153}"
EndProject
Project("{2150E333-8FDC-42A3-9474-1A3956D46DE8}") = "server", "server", "{11D02E32-8EC3-411F-9CD6-6A65FE223080}"
EndProject
Project("{2150E333-8FDC-42A3-9474-1A3956D46DE8}") = "auto-global", "auto-global", "{A94DDB0E-3BF5-45C2-AC6A-4589406CFB32}"
EndProject
Project("{9A19103F-16F7-4668-BE54-9A1E7A4F7556}") = "NET8.BlazorWebAppRenderModeServerGlobal", "NET8.BlazorWebAppRenderModeServerGlobal\NET8.BlazorWebAppRenderModeServerGlobal.csproj", "{497D7475-BE12-4FE4-9423-2D6EBDB9933F}"
EndProject
Project("{9A19103F-16F7-4668-BE54-9A1E7A4F7556}") = "Net8.BlazorAutoGlobal", "Net8.BlazorAutoGlobal\Net8.BlazorAutoGlobal\Net8.BlazorAutoGlobal.csproj", "{A035D797-D275-4549-9C46-C0321FDCAC36}"
EndProject
Project("{9A19103F-16F7-4668-BE54-9A1E7A4F7556}") = "Net8.BlazorAutoGlobal.Client", "Net8.BlazorAutoGlobal\Net8.BlazorAutoGlobal.Client\Net8.BlazorAutoGlobal.Client.csproj", "{01F4D8F6-0E07-4544-B084-641150A40827}"
EndProject
Project("{2150E333-8FDC-42A3-9474-1A3956D46DE8}") = "maui", "maui", "{FAF898CB-2CBE-4295-9D19-7688546CC50E}"
EndProject
Project("{9A19103F-16F7-4668-BE54-9A1E7A4F7556}") = "NET8.MauiBlazorHybridApp", "NET8.MauiBlazorHybridApp\NET8.MauiBlazorHybridApp.csproj", "{5A83086E-5221-4012-A347-13235296C60D}"
EndProject
Project("{2150E333-8FDC-42A3-9474-1A3956D46DE8}") = "net-9", "net-9", "{FA255D7B-AD26-447D-9355-7826FE8C3311}"
EndProject
Project("{2150E333-8FDC-42A3-9474-1A3956D46DE8}") = "auto-global", "auto-global", "{47DB9E0B-5DD3-4D50-8C64-31143CD2D142}"
EndProject
Project("{FAE04EC0-301F-11D3-BF4B-00C04F79EFBC}") = "Net9.BlazorAutoGlobal", "Net9.BlazorAutoGlobal\Net9.BlazorAutoGlobal\Net9.BlazorAutoGlobal.csproj", "{B5C157D0-161E-48E7-90CB-B50E4D27CF1B}"
EndProject
Project("{FAE04EC0-301F-11D3-BF4B-00C04F79EFBC}") = "Net9.BlazorAutoGlobal.Client", "Net9.BlazorAutoGlobal\Net9.BlazorAutoGlobal.Client\Net9.BlazorAutoGlobal.Client.csproj", "{DF7FF8DC-C119-41DD-9CD3-5956B4D5743C}"
EndProject
Global
	GlobalSection(SolutionConfigurationPlatforms) = preSolution
		Debug|Any CPU = Debug|Any CPU
		Release|Any CPU = Release|Any CPU
	EndGlobalSection
	GlobalSection(ProjectConfigurationPlatforms) = postSolution
		{1B6FE404-F864-47CD-BDC1-236F598A3DDF}.Debug|Any CPU.ActiveCfg = Debug|Any CPU
		{1B6FE404-F864-47CD-BDC1-236F598A3DDF}.Debug|Any CPU.Build.0 = Debug|Any CPU
		{1B6FE404-F864-47CD-BDC1-236F598A3DDF}.Release|Any CPU.ActiveCfg = Release|Any CPU
		{1B6FE404-F864-47CD-BDC1-236F598A3DDF}.Release|Any CPU.Build.0 = Release|Any CPU
		{4B71E1DB-A048-4478-B50B-A060F3CCAD3D}.Debug|Any CPU.ActiveCfg = Debug|Any CPU
		{4B71E1DB-A048-4478-B50B-A060F3CCAD3D}.Debug|Any CPU.Build.0 = Debug|Any CPU
		{4B71E1DB-A048-4478-B50B-A060F3CCAD3D}.Release|Any CPU.ActiveCfg = Release|Any CPU
		{4B71E1DB-A048-4478-B50B-A060F3CCAD3D}.Release|Any CPU.Build.0 = Release|Any CPU
		{71A7A644-E837-4021-BD5E-7D7D7A16F153}.Debug|Any CPU.ActiveCfg = Debug|Any CPU
		{71A7A644-E837-4021-BD5E-7D7D7A16F153}.Debug|Any CPU.Build.0 = Debug|Any CPU
		{71A7A644-E837-4021-BD5E-7D7D7A16F153}.Release|Any CPU.ActiveCfg = Release|Any CPU
		{71A7A644-E837-4021-BD5E-7D7D7A16F153}.Release|Any CPU.Build.0 = Release|Any CPU
		{497D7475-BE12-4FE4-9423-2D6EBDB9933F}.Debug|Any CPU.ActiveCfg = Debug|Any CPU
		{497D7475-BE12-4FE4-9423-2D6EBDB9933F}.Debug|Any CPU.Build.0 = Debug|Any CPU
		{497D7475-BE12-4FE4-9423-2D6EBDB9933F}.Release|Any CPU.ActiveCfg = Release|Any CPU
		{497D7475-BE12-4FE4-9423-2D6EBDB9933F}.Release|Any CPU.Build.0 = Release|Any CPU
		{A035D797-D275-4549-9C46-C0321FDCAC36}.Debug|Any CPU.ActiveCfg = Debug|Any CPU
		{A035D797-D275-4549-9C46-C0321FDCAC36}.Debug|Any CPU.Build.0 = Debug|Any CPU
		{A035D797-D275-4549-9C46-C0321FDCAC36}.Release|Any CPU.ActiveCfg = Release|Any CPU
		{A035D797-D275-4549-9C46-C0321FDCAC36}.Release|Any CPU.Build.0 = Release|Any CPU
		{01F4D8F6-0E07-4544-B084-641150A40827}.Debug|Any CPU.ActiveCfg = Debug|Any CPU
		{01F4D8F6-0E07-4544-B084-641150A40827}.Debug|Any CPU.Build.0 = Debug|Any CPU
		{01F4D8F6-0E07-4544-B084-641150A40827}.Release|Any CPU.ActiveCfg = Release|Any CPU
		{01F4D8F6-0E07-4544-B084-641150A40827}.Release|Any CPU.Build.0 = Release|Any CPU
		{5A83086E-5221-4012-A347-13235296C60D}.Debug|Any CPU.ActiveCfg = Debug|Any CPU
		{5A83086E-5221-4012-A347-13235296C60D}.Debug|Any CPU.Build.0 = Debug|Any CPU
		{5A83086E-5221-4012-A347-13235296C60D}.Debug|Any CPU.Deploy.0 = Debug|Any CPU
		{5A83086E-5221-4012-A347-13235296C60D}.Release|Any CPU.ActiveCfg = Release|Any CPU
		{5A83086E-5221-4012-A347-13235296C60D}.Release|Any CPU.Build.0 = Release|Any CPU
		{5A83086E-5221-4012-A347-13235296C60D}.Release|Any CPU.Deploy.0 = Release|Any CPU
		{B5C157D0-161E-48E7-90CB-B50E4D27CF1B}.Debug|Any CPU.ActiveCfg = Debug|Any CPU
		{B5C157D0-161E-48E7-90CB-B50E4D27CF1B}.Debug|Any CPU.Build.0 = Debug|Any CPU
		{B5C157D0-161E-48E7-90CB-B50E4D27CF1B}.Release|Any CPU.ActiveCfg = Release|Any CPU
		{B5C157D0-161E-48E7-90CB-B50E4D27CF1B}.Release|Any CPU.Build.0 = Release|Any CPU
		{DF7FF8DC-C119-41DD-9CD3-5956B4D5743C}.Debug|Any CPU.ActiveCfg = Debug|Any CPU
		{DF7FF8DC-C119-41DD-9CD3-5956B4D5743C}.Debug|Any CPU.Build.0 = Debug|Any CPU
		{DF7FF8DC-C119-41DD-9CD3-5956B4D5743C}.Release|Any CPU.ActiveCfg = Release|Any CPU
		{DF7FF8DC-C119-41DD-9CD3-5956B4D5743C}.Release|Any CPU.Build.0 = Release|Any CPU
	EndGlobalSection
	GlobalSection(SolutionProperties) = preSolution
		HideSolutionNode = FALSE
	EndGlobalSection
	GlobalSection(NestedProjects) = preSolution
		{72359839-43B1-4C7E-868C-2EDBF6FD8170} = {C2B6F2DD-890C-4197-BBD7-89972DB10D56}
		{E4646E1D-E0E8-450C-A5BC-45A4C81CC465} = {C2B6F2DD-890C-4197-BBD7-89972DB10D56}
		{1B6FE404-F864-47CD-BDC1-236F598A3DDF} = {72359839-43B1-4C7E-868C-2EDBF6FD8170}
		{4B71E1DB-A048-4478-B50B-A060F3CCAD3D} = {E4646E1D-E0E8-450C-A5BC-45A4C81CC465}
		{4B4A4995-6571-4BDB-B529-F7D8099FF54C} = {5A85427E-0DB8-4147-A267-66C831FE02AD}
		{71A7A644-E837-4021-BD5E-7D7D7A16F153} = {4B4A4995-6571-4BDB-B529-F7D8099FF54C}
		{11D02E32-8EC3-411F-9CD6-6A65FE223080} = {5A85427E-0DB8-4147-A267-66C831FE02AD}
		{A94DDB0E-3BF5-45C2-AC6A-4589406CFB32} = {5A85427E-0DB8-4147-A267-66C831FE02AD}
		{497D7475-BE12-4FE4-9423-2D6EBDB9933F} = {11D02E32-8EC3-411F-9CD6-6A65FE223080}
		{A035D797-D275-4549-9C46-C0321FDCAC36} = {A94DDB0E-3BF5-45C2-AC6A-4589406CFB32}
		{01F4D8F6-0E07-4544-B084-641150A40827} = {A94DDB0E-3BF5-45C2-AC6A-4589406CFB32}
		{FAF898CB-2CBE-4295-9D19-7688546CC50E} = {5A85427E-0DB8-4147-A267-66C831FE02AD}
		{5A83086E-5221-4012-A347-13235296C60D} = {FAF898CB-2CBE-4295-9D19-7688546CC50E}
		{47DB9E0B-5DD3-4D50-8C64-31143CD2D142} = {FA255D7B-AD26-447D-9355-7826FE8C3311}
		{B5C157D0-161E-48E7-90CB-B50E4D27CF1B} = {47DB9E0B-5DD3-4D50-8C64-31143CD2D142}
		{DF7FF8DC-C119-41DD-9CD3-5956B4D5743C} = {47DB9E0B-5DD3-4D50-8C64-31143CD2D142}
	EndGlobalSection
	GlobalSection(ExtensibilityGlobals) = postSolution
		SolutionGuid = {C47E2954-C9D1-41A5-BFFE-887127FD4726}
	EndGlobalSection
EndGlobal
